
Microsoft Visual Studio Solution File, Format Version 12.00
# Visual Studio Version 17
VisualStudioVersion = 17.1.31911.260
MinimumVisualStudioVersion = 10.0.40219.1
Project("{9A19103F-16F7-4668-BE54-9A1E7A4F7556}") = "MyGenericStack", "MyGenericStack\MyGenericStack.csproj", "{3179ADC7-5A50-4525-B67E-29FCB5E85C32}"
EndProject
Project("{9A19103F-16F7-4668-BE54-9A1E7A4F7556}") = "MyGenericStack.UnitTests", "MyGenericStack.UnitTests\MyGenericStack.UnitTests.csproj", "{B9D143CD-287C-4CFC-96EB-DEDE39D0871D}"
EndProject
Project("{2150E333-8FDC-42A3-9474-1A3956D46DE8}") = "Solution Items", "Solution Items", "{15A276A5-8090-435F-B932-F6D9126602F7}"
	ProjectSection(SolutionItems) = preProject
		README.md = README.md
		Stack.drawio = Stack.drawio
	EndProjectSection
EndProject
Project("{2150E333-8FDC-42A3-9474-1A3956D46DE8}") = "Images", "Images", "{9A46F617-CA85-420C-88C1-4BFB7B339FD9}"
	ProjectSection(SolutionItems) = preProject
		Images\PeekBlue.png = Images\PeekBlue.png
		Images\PopBlue.png = Images\PopBlue.png
		Images\PopGreen.png = Images\PopGreen.png
		Images\PushBlue.png = Images\PushBlue.png
		Images\PushGreen.png = Images\PushGreen.png
		Stack.png = Stack.png
	EndProjectSection
EndProject
Project("{FAE04EC0-301F-11D3-BF4B-00C04F79EFBC}") = "MyGenericStack.NUnitTests", "MyGenericStack.NUnitTests\MyGenericStack.NUnitTests.csproj", "{74C6FF28-C3F1-4686-B31F-FE85087D345E}"
EndProject
Project("{FAE04EC0-301F-11D3-BF4B-00C04F79EFBC}") = "MyGenericStack.XUnitTests", "MyGenericStack.XUnitTests\MyGenericStack.XUnitTests.csproj", "{8B787EE7-8D0C-4E1B-A161-D78049F43A96}"
EndProject
Global
	GlobalSection(SolutionConfigurationPlatforms) = preSolution
		Debug|Any CPU = Debug|Any CPU
		Release|Any CPU = Release|Any CPU
	EndGlobalSection
	GlobalSection(ProjectConfigurationPlatforms) = postSolution
		{3179ADC7-5A50-4525-B67E-29FCB5E85C32}.Debug|Any CPU.ActiveCfg = Debug|Any CPU
		{3179ADC7-5A50-4525-B67E-29FCB5E85C32}.Debug|Any CPU.Build.0 = Debug|Any CPU
		{3179ADC7-5A50-4525-B67E-29FCB5E85C32}.Release|Any CPU.ActiveCfg = Release|Any CPU
		{3179ADC7-5A50-4525-B67E-29FCB5E85C32}.Release|Any CPU.Build.0 = Release|Any CPU
		{B9D143CD-287C-4CFC-96EB-DEDE39D0871D}.Debug|Any CPU.ActiveCfg = Debug|Any CPU
		{B9D143CD-287C-4CFC-96EB-DEDE39D0871D}.Debug|Any CPU.Build.0 = Debug|Any CPU
		{B9D143CD-287C-4CFC-96EB-DEDE39D0871D}.Release|Any CPU.ActiveCfg = Release|Any CPU
		{B9D143CD-287C-4CFC-96EB-DEDE39D0871D}.Release|Any CPU.Build.0 = Release|Any CPU
		{74C6FF28-C3F1-4686-B31F-FE85087D345E}.Debug|Any CPU.ActiveCfg = Debug|Any CPU
		{74C6FF28-C3F1-4686-B31F-FE85087D345E}.Debug|Any CPU.Build.0 = Debug|Any CPU
		{74C6FF28-C3F1-4686-B31F-FE85087D345E}.Release|Any CPU.ActiveCfg = Release|Any CPU
		{74C6FF28-C3F1-4686-B31F-FE85087D345E}.Release|Any CPU.Build.0 = Release|Any CPU
		{8B787EE7-8D0C-4E1B-A161-D78049F43A96}.Debug|Any CPU.ActiveCfg = Debug|Any CPU
		{8B787EE7-8D0C-4E1B-A161-D78049F43A96}.Debug|Any CPU.Build.0 = Debug|Any CPU
		{8B787EE7-8D0C-4E1B-A161-D78049F43A96}.Release|Any CPU.ActiveCfg = Release|Any CPU
		{8B787EE7-8D0C-4E1B-A161-D78049F43A96}.Release|Any CPU.Build.0 = Release|Any CPU
	EndGlobalSection
	GlobalSection(SolutionProperties) = preSolution
		HideSolutionNode = FALSE
	EndGlobalSection
	GlobalSection(NestedProjects) = preSolution
		{9A46F617-CA85-420C-88C1-4BFB7B339FD9} = {15A276A5-8090-435F-B932-F6D9126602F7}
	EndGlobalSection
	GlobalSection(ExtensibilityGlobals) = postSolution
		SolutionGuid = {0E6E9777-E8D0-4BC3-ABFC-E300515A9ED6}
	EndGlobalSection
EndGlobal
